
Microsoft Visual Studio Solution File, Format Version 12.00
# Visual Studio 15
VisualStudioVersion = 15.0.28307.1259
MinimumVisualStudioVersion = 10.0.40219.1
Project("{8BC9CEB8-8B4A-11D0-8D11-00A0C91BC942}") = "laba6_3", "laba6_3.vcxproj", "{91F8C9E3-76A3-4274-8BED-1DF8577E4417}"
EndProject
Global
	GlobalSection(SolutionConfigurationPlatforms) = preSolution
		Debug|x64 = Debug|x64
		Debug|x86 = Debug|x86
		Release|x64 = Release|x64
		Release|x86 = Release|x86
	EndGlobalSection
	GlobalSection(ProjectConfigurationPlatforms) = postSolution
		{91F8C9E3-76A3-4274-8BED-1DF8577E4417}.Debug|x64.ActiveCfg = Debug|x64
		{91F8C9E3-76A3-4274-8BED-1DF8577E4417}.Debug|x64.Build.0 = Debug|x64
		{91F8C9E3-76A3-4274-8BED-1DF8577E4417}.Debug|x86.ActiveCfg = Debug|Win32
		{91F8C9E3-76A3-4274-8BED-1DF8577E4417}.Debug|x86.Build.0 = Debug|Win32
		{91F8C9E3-76A3-4274-8BED-1DF8577E4417}.Release|x64.ActiveCfg = Release|x64
		{91F8C9E3-76A3-4274-8BED-1DF8577E4417}.Release|x64.Build.0 = Release|x64
		{91F8C9E3-76A3-4274-8BED-1DF8577E4417}.Release|x86.ActiveCfg = Release|Win32
		{91F8C9E3-76A3-4274-8BED-1DF8577E4417}.Release|x86.Build.0 = Release|Win32
	EndGlobalSection
	GlobalSection(SolutionProperties) = preSolution
		HideSolutionNode = FALSE
	EndGlobalSection
	GlobalSection(ExtensibilityGlobals) = postSolution
		SolutionGuid = {5DB8BD6A-F186-4E78-9FFE-5E5F5750F45B}
	EndGlobalSection
EndGlobal
