
Microsoft Visual Studio Solution File, Format Version 12.00
# Visual Studio 15
VisualStudioVersion = 15.0.28307.1259
MinimumVisualStudioVersion = 10.0.40219.1
Project("{8BC9CEB8-8B4A-11D0-8D11-00A0C91BC942}") = "komand_ryadok", "komand_ryadok.vcxproj", "{98F31938-9506-42C4-B5BE-21348867366B}"
EndProject
Global
	GlobalSection(SolutionConfigurationPlatforms) = preSolution
		Debug|x64 = Debug|x64
		Debug|x86 = Debug|x86
		Release|x64 = Release|x64
		Release|x86 = Release|x86
	EndGlobalSection
	GlobalSection(ProjectConfigurationPlatforms) = postSolution
		{98F31938-9506-42C4-B5BE-21348867366B}.Debug|x64.ActiveCfg = Debug|x64
		{98F31938-9506-42C4-B5BE-21348867366B}.Debug|x64.Build.0 = Debug|x64
		{98F31938-9506-42C4-B5BE-21348867366B}.Debug|x86.ActiveCfg = Debug|Win32
		{98F31938-9506-42C4-B5BE-21348867366B}.Debug|x86.Build.0 = Debug|Win32
		{98F31938-9506-42C4-B5BE-21348867366B}.Release|x64.ActiveCfg = Release|x64
		{98F31938-9506-42C4-B5BE-21348867366B}.Release|x64.Build.0 = Release|x64
		{98F31938-9506-42C4-B5BE-21348867366B}.Release|x86.ActiveCfg = Release|Win32
		{98F31938-9506-42C4-B5BE-21348867366B}.Release|x86.Build.0 = Release|Win32
	EndGlobalSection
	GlobalSection(SolutionProperties) = preSolution
		HideSolutionNode = FALSE
	EndGlobalSection
	GlobalSection(ExtensibilityGlobals) = postSolution
		SolutionGuid = {B88DD7EB-892A-4E41-82FE-D0DB1C720ABD}
	EndGlobalSection
EndGlobal
